{
  "requires": true,
  "lockfileVersion": 1,
  "dependencies": {
    "@use-it/event-listener": {
      "version": "0.1.7",
      "resolved": "https://registry.npmjs.org/@use-it/event-listener/-/event-listener-0.1.7.tgz",
      "integrity": "sha512-hgfExDzUU9uTRTPDCpw2s9jWTxcxmpJya3fK5ADpf5VDpSy8WYwY/kh28XE0tUcbsljeP8wfan48QvAQTSSa3Q=="
    },
    "minimist": {
      "version": "1.2.8",
      "resolved": "https://registry.npmjs.org/minimist/-/minimist-1.2.8.tgz",
      "integrity": "sha512-2yyAR8qBkN3YuheJanUpWC5U3bb5osDywNB8RzDVlDwDHbocAJveqqj1u8+SVD7jkWT4yvsHCpWqqWqAxb0zCA=="
    },
    "react-clear-cache": {
      "version": "1.4.14",
      "resolved": "https://registry.npmjs.org/react-clear-cache/-/react-clear-cache-1.4.14.tgz",
      "integrity": "sha512-5/9afQ4/utHs+1vODZG1HagirCERqbEYJSjkeKV126BP+r3+1pCvkGOWINhYsiFnOdXh82kD3RlbNv8ljC5Mmw==",
      "requires": {
        "minimist": "^1.2.5",
        "use-persisted-state": "^0.3.0",
        "uuid": "^3.3.2"
      }
    },
    "use-persisted-state": {
      "version": "0.3.3",
      "resolved": "https://registry.npmjs.org/use-persisted-state/-/use-persisted-state-0.3.3.tgz",
      "integrity": "sha512-pCNlvYC8+XjRxwnIut4teGC9f2p9aD88R8OGseQGZa2dvqG/h1vEGk1vRE1IZG0Vf161UDpn+NlW4+UGubQflQ==",
      "requires": {
        "@use-it/event-listener": "^0.1.2"
      }
    },
    "uuid": {
      "version": "3.4.0",
      "resolved": "https://registry.npmjs.org/uuid/-/uuid-3.4.0.tgz",
      "integrity": "sha512-HjSDRw6gZE5JMggctHBcjVak08+KEVhSIiDzFnT9S9aegmp85S/bReBVTb4QTFaRNptJ9kuYaNhnbNEOkbKb/A=="
    }
  }
}
